// !$*UTF8*$!
{
	archiveVersion = 1;
	classes = {
	};
	objectVersion = 46;
	objects = {

/* Begin PBXBuildFile section */
		BC9789A51C60646D00E2D869 /* main.m in Sources */ = {isa = PBXBuildFile; fileRef = BC9789A41C60646D00E2D869 /* main.m */; };
		BC9789A81C60646D00E2D869 /* AppDelegate.m in Sources */ = {isa = PBXBuildFile; fileRef = BC9789A71C60646D00E2D869 /* AppDelegate.m */; };
		BC9789AB1C60646D00E2D869 /* ViewController.m in Sources */ = {isa = PBXBuildFile; fileRef = BC9789AA1C60646D00E2D869 /* ViewController.m */; };
		BC9789AE1C60646D00E2D869 /* Main.storyboard in Resources */ = {isa = PBXBuildFile; fileRef = BC9789AC1C60646D00E2D869 /* Main.storyboard */; };
		BC9789B01C60646D00E2D869 /* Assets.xcassets in Resources */ = {isa = PBXBuildFile; fileRef = BC9789AF1C60646D00E2D869 /* Assets.xcassets */; };
		BC9789B31C60646D00E2D869 /* LaunchScreen.storyboard in Resources */ = {isa = PBXBuildFile; fileRef = BC9789B11C60646D00E2D869 /* LaunchScreen.storyboard */; };
		BC9789BE1C60646D00E2D869 /* secAppTests.m in Sources */ = {isa = PBXBuildFile; fileRef = BC9789BD1C60646D00E2D869 /* secAppTests.m */; };
		BC9789C91C60646D00E2D869 /* secAppUITests.m in Sources */ = {isa = PBXBuildFile; fileRef = BC9789C81C60646D00E2D869 /* secAppUITests.m */; };
/* End PBXBuildFile section */

/* Begin PBXContainerItemProxy section */
		BC9789BA1C60646D00E2D869 /* PBXContainerItemProxy */ = {
			isa = PBXContainerItemProxy;
			containerPortal = BC9789981C60646D00E2D869 /* Project object */;
			proxyType = 1;
			remoteGlobalIDString = BC97899F1C60646D00E2D869;
			remoteInfo = secApp;
		};
		BC9789C51C60646D00E2D869 /* PBXContainerItemProxy */ = {
			isa = PBXContainerItemProxy;
			containerPortal = BC9789981C60646D00E2D869 /* Project object */;
			proxyType = 1;
			remoteGlobalIDString = BC97899F1C60646D00E2D869;
			remoteInfo = secApp;
		};
/* End PBXContainerItemProxy section */

/* Begin PBXFileReference section */
		BC9789A01C60646D00E2D869 /* secApp.app */ = {isa = PBXFileReference; explicitFileType = wrapper.application; includeInIndex = 0; path = secApp.app; sourceTree = BUILT_PRODUCTS_DIR; };
		BC9789A41C60646D00E2D869 /* main.m */ = {isa = PBXFileReference; lastKnownFileType = sourcecode.c.objc; path = main.m; sourceTree = "<group>"; };
		BC9789A61C60646D00E2D869 /* AppDelegate.h */ = {isa = PBXFileReference; lastKnownFileType = sourcecode.c.h; path = AppDelegate.h; sourceTree = "<group>"; };
		BC9789A71C60646D00E2D869 /* AppDelegate.m */ = {isa = PBXFileReference; lastKnownFileType = sourcecode.c.objc; path = AppDelegate.m; sourceTree = "<group>"; };
		BC9789A91C60646D00E2D869 /* ViewController.h */ = {isa = PBXFileReference; lastKnownFileType = sourcecode.c.h; path = ViewController.h; sourceTree = "<group>"; };
		BC9789AA1C60646D00E2D869 /* ViewController.m */ = {isa = PBXFileReference; lastKnownFileType = sourcecode.c.objc; path = ViewController.m; sourceTree = "<group>"; };
		BC9789AD1C60646D00E2D869 /* Base */ = {isa = PBXFileReference; lastKnownFileType = file.storyboard; name = Base; path = Base.lproj/Main.storyboard; sourceTree = "<group>"; };
		BC9789AF1C60646D00E2D869 /* Assets.xcassets */ = {isa = PBXFileReference; lastKnownFileType = folder.assetcatalog; path = Assets.xcassets; sourceTree = "<group>"; };
		BC9789B21C60646D00E2D869 /* Base */ = {isa = PBXFileReference; lastKnownFileType = file.storyboard; name = Base; path = Base.lproj/LaunchScreen.storyboard; sourceTree = "<group>"; };
		BC9789B41C60646D00E2D869 /* Info.plist */ = {isa = PBXFileReference; lastKnownFileType = text.plist.xml; path = Info.plist; sourceTree = "<group>"; };
		BC9789B91C60646D00E2D869 /* secAppTests.xctest */ = {isa = PBXFileReference; explicitFileType = wrapper.cfbundle; includeInIndex = 0; path = secAppTests.xctest; sourceTree = BUILT_PRODUCTS_DIR; };
		BC9789BD1C60646D00E2D869 /* secAppTests.m */ = {isa = PBXFileReference; lastKnownFileType = sourcecode.c.objc; path = secAppTests.m; sourceTree = "<group>"; };
		BC9789BF1C60646D00E2D869 /* Info.plist */ = {isa = PBXFileReference; lastKnownFileType = text.plist.xml; path = Info.plist; sourceTree = "<group>"; };
		BC9789C41C60646D00E2D869 /* secAppUITests.xctest */ = {isa = PBXFileReference; explicitFileType = wrapper.cfbundle; includeInIndex = 0; path = secAppUITests.xctest; sourceTree = BUILT_PRODUCTS_DIR; };
		BC9789C81C60646D00E2D869 /* secAppUITests.m */ = {isa = PBXFileReference; lastKnownFileType = sourcecode.c.objc; path = secAppUITests.m; sourceTree = "<group>"; };
		BC9789CA1C60646D00E2D869 /* Info.plist */ = {isa = PBXFileReference; lastKnownFileType = text.plist.xml; path = Info.plist; sourceTree = "<group>"; };
/* End PBXFileReference section */

/* Begin PBXFrameworksBuildPhase section */
		BC97899D1C60646D00E2D869 /* Frameworks */ = {
			isa = PBXFrameworksBuildPhase;
			buildActionMask = 2147483647;
			files = (
			);
			runOnlyForDeploymentPostprocessing = 0;
		};
		BC9789B61C60646D00E2D869 /* Frameworks */ = {
			isa = PBXFrameworksBuildPhase;
			buildActionMask = 2147483647;
			files = (
			);
			runOnlyForDeploymentPostprocessing = 0;
		};
		BC9789C11C60646D00E2D869 /* Frameworks */ = {
			isa = PBXFrameworksBuildPhase;
			buildActionMask = 2147483647;
			files = (
			);
			runOnlyForDeploymentPostprocessing = 0;
		};
/* End PBXFrameworksBuildPhase section */

/* Begin PBXGroup section */
		BC9789971C60646D00E2D869 = {
			isa = PBXGroup;
			children = (
				BC9789A21C60646D00E2D869 /* secApp */,
				BC9789BC1C60646D00E2D869 /* secAppTests */,
				BC9789C71C60646D00E2D869 /* secAppUITests */,
				BC9789A11C60646D00E2D869 /* Products */,
			);
			sourceTree = "<group>";
		};
		BC9789A11C60646D00E2D869 /* Products */ = {
			isa = PBXGroup;
			children = (
				BC9789A01C60646D00E2D869 /* secApp.app */,
				BC9789B91C60646D00E2D869 /* secAppTests.xctest */,
				BC9789C41C60646D00E2D869 /* secAppUITests.xctest */,
			);
			name = Products;
			sourceTree = "<group>";
		};
		BC9789A21C60646D00E2D869 /* secApp */ = {
			isa = PBXGroup;
			children = (
				BC9789A61C60646D00E2D869 /* AppDelegate.h */,
				BC9789A71C60646D00E2D869 /* AppDelegate.m */,
				BC9789A91C60646D00E2D869 /* ViewController.h */,
				BC9789AA1C60646D00E2D869 /* ViewController.m */,
				BC9789AC1C60646D00E2D869 /* Main.storyboard */,
				BC9789AF1C60646D00E2D869 /* Assets.xcassets */,
				BC9789B11C60646D00E2D869 /* LaunchScreen.storyboard */,
				BC9789B41C60646D00E2D869 /* Info.plist */,
				BC9789A31C60646D00E2D869 /* Supporting Files */,
			);
			path = secApp;
			sourceTree = "<group>";
		};
		BC9789A31C60646D00E2D869 /* Supporting Files */ = {
			isa = PBXGroup;
			children = (
				BC9789A41C60646D00E2D869 /* main.m */,
			);
			name = "Supporting Files";
			sourceTree = "<group>";
		};
		BC9789BC1C60646D00E2D869 /* secAppTests */ = {
			isa = PBXGroup;
			children = (
				BC9789BD1C60646D00E2D869 /* secAppTests.m */,
				BC9789BF1C60646D00E2D869 /* Info.plist */,
			);
			path = secAppTests;
			sourceTree = "<group>";
		};
		BC9789C71C60646D00E2D869 /* secAppUITests */ = {
			isa = PBXGroup;
			children = (
				BC9789C81C60646D00E2D869 /* secAppUITests.m */,
				BC9789CA1C60646D00E2D869 /* Info.plist */,
			);
			path = secAppUITests;
			sourceTree = "<group>";
		};
/* End PBXGroup section */

/* Begin PBXNativeTarget section */
		BC97899F1C60646D00E2D869 /* secApp */ = {
			isa = PBXNativeTarget;
			buildConfigurationList = BC9789CD1C60646D00E2D869 /* Build configuration list for PBXNativeTarget "secApp" */;
			buildPhases = (
				BC97899C1C60646D00E2D869 /* Sources */,
				BC97899D1C60646D00E2D869 /* Frameworks */,
				BC97899E1C60646D00E2D869 /* Resources */,
			);
			buildRules = (
			);
			dependencies = (
			);
			name = secApp;
			productName = secApp;
			productReference = BC9789A01C60646D00E2D869 /* secApp.app */;
			productType = "com.apple.product-type.application";
		};
		BC9789B81C60646D00E2D869 /* secAppTests */ = {
			isa = PBXNativeTarget;
			buildConfigurationList = BC9789D01C60646D00E2D869 /* Build configuration list for PBXNativeTarget "secAppTests" */;
			buildPhases = (
				BC9789B51C60646D00E2D869 /* Sources */,
				BC9789B61C60646D00E2D869 /* Frameworks */,
				BC9789B71C60646D00E2D869 /* Resources */,
			);
			buildRules = (
			);
			dependencies = (
				BC9789BB1C60646D00E2D869 /* PBXTargetDependency */,
			);
			name = secAppTests;
			productName = secAppTests;
			productReference = BC9789B91C60646D00E2D869 /* secAppTests.xctest */;
			productType = "com.apple.product-type.bundle.unit-test";
		};
		BC9789C31C60646D00E2D869 /* secAppUITests */ = {
			isa = PBXNativeTarget;
			buildConfigurationList = BC9789D31C60646D00E2D869 /* Build configuration list for PBXNativeTarget "secAppUITests" */;
			buildPhases = (
				BC9789C01C60646D00E2D869 /* Sources */,
				BC9789C11C60646D00E2D869 /* Frameworks */,
				BC9789C21C60646D00E2D869 /* Resources */,
			);
			buildRules = (
			);
			dependencies = (
				BC9789C61C60646D00E2D869 /* PBXTargetDependency */,
			);
			name = secAppUITests;
			productName = secAppUITests;
			productReference = BC9789C41C60646D00E2D869 /* secAppUITests.xctest */;
			productType = "com.apple.product-type.bundle.ui-testing";
		};
/* End PBXNativeTarget section */

/* Begin PBXProject section */
		BC9789981C60646D00E2D869 /* Project object */ = {
			isa = PBXProject;
			attributes = {
				LastUpgradeCheck = 0720;
				ORGANIZATIONNAME = "Eb Pearls";
				TargetAttributes = {
					BC97899F1C60646D00E2D869 = {
						CreatedOnToolsVersion = 7.2;
						DevelopmentTeam = 24865W4S3L;
					};
					BC9789B81C60646D00E2D869 = {
						CreatedOnToolsVersion = 7.2;
						DevelopmentTeam = 24865W4S3L;
						TestTargetID = BC97899F1C60646D00E2D869;
					};
					BC9789C31C60646D00E2D869 = {
						CreatedOnToolsVersion = 7.2;
						DevelopmentTeam = 24865W4S3L;
						TestTargetID = BC97899F1C60646D00E2D869;
					};
				};
			};
			buildConfigurationList = BC97899B1C60646D00E2D869 /* Build configuration list for PBXProject "secApp" */;
			compatibilityVersion = "Xcode 3.2";
			developmentRegion = English;
			hasScannedForEncodings = 0;
			knownRegions = (
				en,
				Base,
			);
			mainGroup = BC9789971C60646D00E2D869;
			productRefGroup = BC9789A11C60646D00E2D869 /* Products */;
			projectDirPath = "";
			projectRoot = "";
			targets = (
				BC97899F1C60646D00E2D869 /* secApp */,
				BC9789B81C60646D00E2D869 /* secAppTests */,
				BC9789C31C60646D00E2D869 /* secAppUITests */,
			);
		};
/* End PBXProject section */

/* Begin PBXResourcesBuildPhase section */
		BC97899E1C60646D00E2D869 /* Resources */ = {
			isa = PBXResourcesBuildPhase;
			buildActionMask = 2147483647;
			files = (
				BC9789B31C60646D00E2D869 /* LaunchScreen.storyboard in Resources */,
				BC9789B01C60646D00E2D869 /* Assets.xcassets in Resources */,
				BC9789AE1C60646D00E2D869 /* Main.storyboard in Resources */,
			);
			runOnlyForDeploymentPostprocessing = 0;
		};
		BC9789B71C60646D00E2D869 /* Resources */ = {
			isa = PBXResourcesBuildPhase;
			buildActionMask = 2147483647;
			files = (
			);
			runOnlyForDeploymentPostprocessing = 0;
		};
		BC9789C21C60646D00E2D869 /* Resources */ = {
			isa = PBXResourcesBuildPhase;
			buildActionMask = 2147483647;
			files = (
			);
			runOnlyForDeploymentPostprocessing = 0;
		};
/* End PBXResourcesBuildPhase section */

/* Begin PBXSourcesBuildPhase section */
		BC97899C1C60646D00E2D869 /* Sources */ = {
			isa = PBXSourcesBuildPhase;
			buildActionMask = 2147483647;
			files = (
				BC9789AB1C60646D00E2D869 /* ViewController.m in Sources */,
				BC9789A81C60646D00E2D869 /* AppDelegate.m in Sources */,
				BC9789A51C60646D00E2D869 /* main.m in Sources */,
			);
			runOnlyForDeploymentPostprocessing = 0;
		};
		BC9789B51C60646D00E2D869 /* Sources */ = {
			isa = PBXSourcesBuildPhase;
			buildActionMask = 2147483647;
			files = (
				BC9789BE1C60646D00E2D869 /* secAppTests.m in Sources */,
			);
			runOnlyForDeploymentPostprocessing = 0;
		};
		BC9789C01C60646D00E2D869 /* Sources */ = {
			isa = PBXSourcesBuildPhase;
			buildActionMask = 2147483647;
			files = (
				BC9789C91C60646D00E2D869 /* secAppUITests.m in Sources */,
			);
			runOnlyForDeploymentPostprocessing = 0;
		};
/* End PBXSourcesBuildPhase section */

/* Begin PBXTargetDependency section */
		BC9789BB1C60646D00E2D869 /* PBXTargetDependency */ = {
			isa = PBXTargetDependency;
			target = BC97899F1C60646D00E2D869 /* secApp */;
			targetProxy = BC9789BA1C60646D00E2D869 /* PBXContainerItemProxy */;
		};
		BC9789C61C60646D00E2D869 /* PBXTargetDependency */ = {
			isa = PBXTargetDependency;
			target = BC97899F1C60646D00E2D869 /* secApp */;
			targetProxy = BC9789C51C60646D00E2D869 /* PBXContainerItemProxy */;
		};
/* End PBXTargetDependency section */

/* Begin PBXVariantGroup section */
		BC9789AC1C60646D00E2D869 /* Main.storyboard */ = {
			isa = PBXVariantGroup;
			children = (
				BC9789AD1C60646D00E2D869 /* Base */,
			);
			name = Main.storyboard;
			sourceTree = "<group>";
		};
		BC9789B11C60646D00E2D869 /* LaunchScreen.storyboard */ = {
			isa = PBXVariantGroup;
			children = (
				BC9789B21C60646D00E2D869 /* Base */,
			);
			name = LaunchScreen.storyboard;
			sourceTree = "<group>";
		};
/* End PBXVariantGroup section */

/* Begin XCBuildConfiguration section */
		BC9789CB1C60646D00E2D869 /* Debug */ = {
			isa = XCBuildConfiguration;
			buildSettings = {
				ALWAYS_SEARCH_USER_PATHS = NO;
				CLANG_CXX_LANGUAGE_STANDARD = "gnu++0x";
				CLANG_CXX_LIBRARY = "libc++";
				CLANG_ENABLE_MODULES = YES;
				CLANG_ENABLE_OBJC_ARC = YES;
				CLANG_WARN_BOOL_CONVERSION = YES;
				CLANG_WARN_CONSTANT_CONVERSION = YES;
				CLANG_WARN_DIRECT_OBJC_ISA_USAGE = YES_ERROR;
				CLANG_WARN_EMPTY_BODY = YES;
				CLANG_WARN_ENUM_CONVERSION = YES;
				CLANG_WARN_INT_CONVERSION = YES;
				CLANG_WARN_OBJC_ROOT_CLASS = YES_ERROR;
				CLANG_WARN_UNREACHABLE_CODE = YES;
				CLANG_WARN__DUPLICATE_METHOD_MATCH = YES;
				"CODE_SIGN_IDENTITY[sdk=iphoneos*]" = "iPhone Developer";
				COPY_PHASE_STRIP = NO;
				DEBUG_INFORMATION_FORMAT = dwarf;
				ENABLE_STRICT_OBJC_MSGSEND = YES;
				ENABLE_TESTABILITY = YES;
				GCC_C_LANGUAGE_STANDARD = gnu99;
				GCC_DYNAMIC_NO_PIC = NO;
				GCC_NO_COMMON_BLOCKS = YES;
				GCC_OPTIMIZATION_LEVEL = 0;
				GCC_PREPROCESSOR_DEFINITIONS = (
					"DEBUG=1",
					"$(inherited)",
				);
				GCC_WARN_64_TO_32_BIT_CONVERSION = YES;
				GCC_WARN_ABOUT_RETURN_TYPE = YES_ERROR;
				GCC_WARN_UNDECLARED_SELECTOR = YES;
				GCC_WARN_UNINITIALIZED_AUTOS = YES_AGGRESSIVE;
				GCC_WARN_UNUSED_FUNCTION = YES;
				GCC_WARN_UNUSED_VARIABLE = YES;
				IPHONEOS_DEPLOYMENT_TARGET = 9.2;
				MTL_ENABLE_DEBUG_INFO = YES;
				ONLY_ACTIVE_ARCH = YES;
				SDKROOT = iphoneos;
			};
			name = Debug;
		};
		BC9789CC1C60646D00E2D869 /* Release */ = {
			isa = XCBuildConfiguration;
			buildSettings = {
				ALWAYS_SEARCH_USER_PATHS = NO;
				CLANG_CXX_LANGUAGE_STANDARD = "gnu++0x";
				CLANG_CXX_LIBRARY = "libc++";
				CLANG_ENABLE_MODULES = YES;
				CLANG_ENABLE_OBJC_ARC = YES;
				CLANG_WARN_BOOL_CONVERSION = YES;
				CLANG_WARN_CONSTANT_CONVERSION = YES;
				CLANG_WARN_DIRECT_OBJC_ISA_USAGE = YES_ERROR;
				CLANG_WARN_EMPTY_BODY = YES;
				CLANG_WARN_ENUM_CONVERSION = YES;
				CLANG_WARN_INT_CONVERSION = YES;
				CLANG_WARN_OBJC_ROOT_CLASS = YES_ERROR;
				CLANG_WARN_UNREACHABLE_CODE = YES;
				CLANG_WARN__DUPLICATE_METHOD_MATCH = YES;
				"CODE_SIGN_IDENTITY[sdk=iphoneos*]" = "iPhone Developer";
				COPY_PHASE_STRIP = NO;
				DEBUG_INFORMATION_FORMAT = "dwarf-with-dsym";
				ENABLE_NS_ASSERTIONS = NO;
				ENABLE_STRICT_OBJC_MSGSEND = YES;
				GCC_C_LANGUAGE_STANDARD = gnu99;
				GCC_NO_COMMON_BLOCKS = YES;
				GCC_WARN_64_TO_32_BIT_CONVERSION = YES;
				GCC_WARN_ABOUT_RETURN_TYPE = YES_ERROR;
				GCC_WARN_UNDECLARED_SELECTOR = YES;
				GCC_WARN_UNINITIALIZED_AUTOS = YES_AGGRESSIVE;
				GCC_WARN_UNUSED_FUNCTION = YES;
				GCC_WARN_UNUSED_VARIABLE = YES;
				IPHONEOS_DEPLOYMENT_TARGET = 9.2;
				MTL_ENABLE_DEBUG_INFO = NO;
				SDKROOT = iphoneos;
				VALIDATE_PRODUCT = YES;
			};
			name = Release;
		};
		BC9789CE1C60646D00E2D869 /* Debug */ = {
			isa = XCBuildConfiguration;
			buildSettings = {
				ASSETCATALOG_COMPILER_APPICON_NAME = AppIcon;
				INFOPLIST_FILE = secApp/Info.plist;
				LD_RUNPATH_SEARCH_PATHS = "$(inherited) @executable_path/Frameworks";
				PRODUCT_BUNDLE_IDENTIFIER = com.ebpearls.secApp;
				PRODUCT_NAME = "$(TARGET_NAME)";
			};
			name = Debug;
		};
		BC9789CF1C60646D00E2D869 /* Release */ = {
			isa = XCBuildConfiguration;
			buildSettings = {
				ASSETCATALOG_COMPILER_APPICON_NAME = AppIcon;
				INFOPLIST_FILE = secApp/Info.plist;
				LD_RUNPATH_SEARCH_PATHS = "$(inherited) @executable_path/Frameworks";
				PRODUCT_BUNDLE_IDENTIFIER = com.ebpearls.secApp;
				PRODUCT_NAME = "$(TARGET_NAME)";
			};
			name = Release;
		};
		BC9789D11C60646D00E2D869 /* Debug */ = {
			isa = XCBuildConfiguration;
			buildSettings = {
				BUNDLE_LOADER = "$(TEST_HOST)";
				INFOPLIST_FILE = secAppTests/Info.plist;
				LD_RUNPATH_SEARCH_PATHS = "$(inherited) @executable_path/Frameworks @loader_path/Frameworks";
				PRODUCT_BUNDLE_IDENTIFIER = com.ebpearls.secAppTests;
				PRODUCT_NAME = "$(TARGET_NAME)";
				TEST_HOST = "$(BUILT_PRODUCTS_DIR)/secApp.app/secApp";
			};
			name = Debug;
		};
		BC9789D21C60646D00E2D869 /* Release */ = {
			isa = XCBuildConfiguration;
			buildSettings = {
				BUNDLE_LOADER = "$(TEST_HOST)";
				INFOPLIST_FILE = secAppTests/Info.plist;
				LD_RUNPATH_SEARCH_PATHS = "$(inherited) @executable_path/Frameworks @loader_path/Frameworks";
				PRODUCT_BUNDLE_IDENTIFIER = com.ebpearls.secAppTests;
				PRODUCT_NAME = "$(TARGET_NAME)";
				TEST_HOST = "$(BUILT_PRODUCTS_DIR)/secApp.app/secApp";
			};
			name = Release;
		};
		BC9789D41C60646D00E2D869 /* Debug */ = {
			isa = XCBuildConfiguration;
			buildSettings = {
				INFOPLIST_FILE = secAppUITests/Info.plist;
				LD_RUNPATH_SEARCH_PATHS = "$(inherited) @executable_path/Frameworks @loader_path/Frameworks";
				PRODUCT_BUNDLE_IDENTIFIER = com.ebpearls.secAppUITests;
				PRODUCT_NAME = "$(TARGET_NAME)";
				TEST_TARGET_NAME = secApp;
				USES_XCTRUNNER = YES;
			};
			name = Debug;
		};
		BC9789D51C60646D00E2D869 /* Release */ = {
			isa = XCBuildConfiguration;
			buildSettings = {
				INFOPLIST_FILE = secAppUITests/Info.plist;
				LD_RUNPATH_SEARCH_PATHS = "$(inherited) @executable_path/Frameworks @loader_path/Frameworks";
				PRODUCT_BUNDLE_IDENTIFIER = com.ebpearls.secAppUITests;
				PRODUCT_NAME = "$(TARGET_NAME)";
				TEST_TARGET_NAME = secApp;
				USES_XCTRUNNER = YES;
			};
			name = Release;
		};
/* End XCBuildConfiguration section */

/* Begin XCConfigurationList section */
		BC97899B1C60646D00E2D869 /* Build configuration list for PBXProject "secApp" */ = {
			isa = XCConfigurationList;
			buildConfigurations = (
				BC9789CB1C60646D00E2D869 /* Debug */,
				BC9789CC1C60646D00E2D869 /* Release */,
			);
			defaultConfigurationIsVisible = 0;
			defaultConfigurationName = Release;
		};
		BC9789CD1C60646D00E2D869 /* Build configuration list for PBXNativeTarget "secApp" */ = {
			isa = XCConfigurationList;
			buildConfigurations = (
				BC9789CE1C60646D00E2D869 /* Debug */,
				BC9789CF1C60646D00E2D869 /* Release */,
			);
			defaultConfigurationIsVisible = 0;
		};
		BC9789D01C60646D00E2D869 /* Build configuration list for PBXNativeTarget "secAppTests" */ = {
			isa = XCConfigurationList;
			buildConfigurations = (
				BC9789D11C60646D00E2D869 /* Debug */,
				BC9789D21C60646D00E2D869 /* Release */,
			);
			defaultConfigurationIsVisible = 0;
		};
		BC9789D31C60646D00E2D869 /* Build configuration list for PBXNativeTarget "secAppUITests" */ = {
			isa = XCConfigurationList;
			buildConfigurations = (
				BC9789D41C60646D00E2D869 /* Debug */,
				BC9789D51C60646D00E2D869 /* Release */,
			);
			defaultConfigurationIsVisible = 0;
		};
/* End XCConfigurationList section */
	};
	rootObject = BC9789981C60646D00E2D869 /* Project object */;
}
